
Microsoft Visual Studio Solution File, Format Version 12.00
# Visual Studio 15
VisualStudioVersion = 15.0.26730.16
MinimumVisualStudioVersion = 10.0.40219.1
Project("{9A19103F-16F7-4668-BE54-9A1E7A4F7556}") = "Shop.ConsoleClient", "Shop\Shop.ConsoleClient.csproj", "{79CD18C6-1AD0-4556-A340-891092D8C28D}"
EndProject
Project("{9A19103F-16F7-4668-BE54-9A1E7A4F7556}") = "Shop.Contracts", "Shop.Contracts\Shop.Contracts.csproj", "{CCA104C6-2408-49CA-A176-455BB9A8E070}"
EndProject
Project("{9A19103F-16F7-4668-BE54-9A1E7A4F7556}") = "Shop.Domain", "Shop.Domain\Shop.Domain.csproj", "{A0782607-446A-4AE0-B11F-E3363C7B184F}"
EndProject
Project("{9A19103F-16F7-4668-BE54-9A1E7A4F7556}") = "Shop.XmlDal", "Shop.XmlRepository\Shop.XmlDal.csproj", "{B84DE1C5-866F-4E17-9A21-6CE2AFEE0850}"
EndProject
Project("{9A19103F-16F7-4668-BE54-9A1E7A4F7556}") = "Shop.Logic", "Shop.Logic\Shop.Logic.csproj", "{A68538F6-7301-49E8-A8D8-5639BC104063}"
EndProject
Project("{9A19103F-16F7-4668-BE54-9A1E7A4F7556}") = "Shop.XmlDal.Tests", "Shop.XmlDal.Tests\Shop.XmlDal.Tests.csproj", "{487C84BA-F21D-42E5-A4B3-736CD3FA66E8}"
EndProject
Project("{9A19103F-16F7-4668-BE54-9A1E7A4F7556}") = "Shop.Common", "Shop.Common\Shop.Common.csproj", "{A35D9FC2-1828-41B5-9157-447913030DB3}"
EndProject
Project("{FAE04EC0-301F-11D3-BF4B-00C04F79EFBC}") = "Shop.Logic.Tests", "Shop.Logic.Tests\Shop.Logic.Tests.csproj", "{8383E04C-74FE-4FA1-95AD-FF3A43A100AD}"
EndProject
Project("{2150E333-8FDC-42A3-9474-1A3956D46DE8}") = "Shop.Clients", "Shop.Clients", "{164B99D0-B5BE-4232-B3EA-531D3C8403DF}"
EndProject
Project("{2150E333-8FDC-42A3-9474-1A3956D46DE8}") = "Shop.Core", "Shop.Core", "{7B34B244-3952-4CF5-B267-E9DBCDF24C19}"
EndProject
Global
	GlobalSection(SolutionConfigurationPlatforms) = preSolution
		Debug|Any CPU = Debug|Any CPU
		Release|Any CPU = Release|Any CPU
	EndGlobalSection
	GlobalSection(ProjectConfigurationPlatforms) = postSolution
		{79CD18C6-1AD0-4556-A340-891092D8C28D}.Debug|Any CPU.ActiveCfg = Debug|Any CPU
		{79CD18C6-1AD0-4556-A340-891092D8C28D}.Debug|Any CPU.Build.0 = Debug|Any CPU
		{79CD18C6-1AD0-4556-A340-891092D8C28D}.Release|Any CPU.ActiveCfg = Release|Any CPU
		{79CD18C6-1AD0-4556-A340-891092D8C28D}.Release|Any CPU.Build.0 = Release|Any CPU
		{CCA104C6-2408-49CA-A176-455BB9A8E070}.Debug|Any CPU.ActiveCfg = Debug|Any CPU
		{CCA104C6-2408-49CA-A176-455BB9A8E070}.Debug|Any CPU.Build.0 = Debug|Any CPU
		{CCA104C6-2408-49CA-A176-455BB9A8E070}.Release|Any CPU.ActiveCfg = Release|Any CPU
		{CCA104C6-2408-49CA-A176-455BB9A8E070}.Release|Any CPU.Build.0 = Release|Any CPU
		{A0782607-446A-4AE0-B11F-E3363C7B184F}.Debug|Any CPU.ActiveCfg = Debug|Any CPU
		{A0782607-446A-4AE0-B11F-E3363C7B184F}.Debug|Any CPU.Build.0 = Debug|Any CPU
		{A0782607-446A-4AE0-B11F-E3363C7B184F}.Release|Any CPU.ActiveCfg = Release|Any CPU
		{A0782607-446A-4AE0-B11F-E3363C7B184F}.Release|Any CPU.Build.0 = Release|Any CPU
		{B84DE1C5-866F-4E17-9A21-6CE2AFEE0850}.Debug|Any CPU.ActiveCfg = Debug|Any CPU
		{B84DE1C5-866F-4E17-9A21-6CE2AFEE0850}.Debug|Any CPU.Build.0 = Debug|Any CPU
		{B84DE1C5-866F-4E17-9A21-6CE2AFEE0850}.Release|Any CPU.ActiveCfg = Release|Any CPU
		{B84DE1C5-866F-4E17-9A21-6CE2AFEE0850}.Release|Any CPU.Build.0 = Release|Any CPU
		{A68538F6-7301-49E8-A8D8-5639BC104063}.Debug|Any CPU.ActiveCfg = Debug|Any CPU
		{A68538F6-7301-49E8-A8D8-5639BC104063}.Debug|Any CPU.Build.0 = Debug|Any CPU
		{A68538F6-7301-49E8-A8D8-5639BC104063}.Release|Any CPU.ActiveCfg = Release|Any CPU
		{A68538F6-7301-49E8-A8D8-5639BC104063}.Release|Any CPU.Build.0 = Release|Any CPU
		{487C84BA-F21D-42E5-A4B3-736CD3FA66E8}.Debug|Any CPU.ActiveCfg = Debug|Any CPU
		{487C84BA-F21D-42E5-A4B3-736CD3FA66E8}.Debug|Any CPU.Build.0 = Debug|Any CPU
		{487C84BA-F21D-42E5-A4B3-736CD3FA66E8}.Release|Any CPU.ActiveCfg = Release|Any CPU
		{487C84BA-F21D-42E5-A4B3-736CD3FA66E8}.Release|Any CPU.Build.0 = Release|Any CPU
		{A35D9FC2-1828-41B5-9157-447913030DB3}.Debug|Any CPU.ActiveCfg = Debug|Any CPU
		{A35D9FC2-1828-41B5-9157-447913030DB3}.Debug|Any CPU.Build.0 = Debug|Any CPU
		{A35D9FC2-1828-41B5-9157-447913030DB3}.Release|Any CPU.ActiveCfg = Release|Any CPU
		{A35D9FC2-1828-41B5-9157-447913030DB3}.Release|Any CPU.Build.0 = Release|Any CPU
		{8383E04C-74FE-4FA1-95AD-FF3A43A100AD}.Debug|Any CPU.ActiveCfg = Debug|Any CPU
		{8383E04C-74FE-4FA1-95AD-FF3A43A100AD}.Debug|Any CPU.Build.0 = Debug|Any CPU
		{8383E04C-74FE-4FA1-95AD-FF3A43A100AD}.Release|Any CPU.ActiveCfg = Release|Any CPU
		{8383E04C-74FE-4FA1-95AD-FF3A43A100AD}.Release|Any CPU.Build.0 = Release|Any CPU
	EndGlobalSection
	GlobalSection(SolutionProperties) = preSolution
		HideSolutionNode = FALSE
	EndGlobalSection
	GlobalSection(NestedProjects) = preSolution
		{79CD18C6-1AD0-4556-A340-891092D8C28D} = {164B99D0-B5BE-4232-B3EA-531D3C8403DF}
		{CCA104C6-2408-49CA-A176-455BB9A8E070} = {7B34B244-3952-4CF5-B267-E9DBCDF24C19}
		{A0782607-446A-4AE0-B11F-E3363C7B184F} = {7B34B244-3952-4CF5-B267-E9DBCDF24C19}
		{B84DE1C5-866F-4E17-9A21-6CE2AFEE0850} = {7B34B244-3952-4CF5-B267-E9DBCDF24C19}
		{A68538F6-7301-49E8-A8D8-5639BC104063} = {7B34B244-3952-4CF5-B267-E9DBCDF24C19}
		{487C84BA-F21D-42E5-A4B3-736CD3FA66E8} = {7B34B244-3952-4CF5-B267-E9DBCDF24C19}
		{A35D9FC2-1828-41B5-9157-447913030DB3} = {7B34B244-3952-4CF5-B267-E9DBCDF24C19}
		{8383E04C-74FE-4FA1-95AD-FF3A43A100AD} = {7B34B244-3952-4CF5-B267-E9DBCDF24C19}
	EndGlobalSection
	GlobalSection(ExtensibilityGlobals) = postSolution
		SolutionGuid = {41D299BD-2314-441A-97A9-D4B26158D830}
	EndGlobalSection
EndGlobal
